
Microsoft Visual Studio Solution File, Format Version 12.00
# Visual Studio Version 17
VisualStudioVersion = 17.13.35825.156
MinimumVisualStudioVersion = 10.0.40219.1
Project("{FAE04EC0-301F-11D3-BF4B-00C04F79EFBC}") = "EmployeeManagementSystem", "EmployeeManagementSystem.csproj", "{14522158-1538-4504-8B69-734EE21D7D28}"
EndProject
Project("{FAE04EC0-301F-11D3-BF4B-00C04F79EFBC}") = "EmployeeManagementSystem.Tests", "EmployeeManagementSystem.Tests\EmployeeManagementSystem.Tests.csproj", "{705EC819-1E18-4207-9B66-85195DA1DF28}"
EndProject
Global
	GlobalSection(SolutionConfigurationPlatforms) = preSolution
		Debug|Any CPU = Debug|Any CPU
		Release|Any CPU = Release|Any CPU
	EndGlobalSection
	GlobalSection(ProjectConfigurationPlatforms) = postSolution
		{14522158-1538-4504-8B69-734EE21D7D28}.Debug|Any CPU.ActiveCfg = Debug|Any CPU
		{14522158-1538-4504-8B69-734EE21D7D28}.Debug|Any CPU.Build.0 = Debug|Any CPU
		{14522158-1538-4504-8B69-734EE21D7D28}.Release|Any CPU.ActiveCfg = Release|Any CPU
		{14522158-1538-4504-8B69-734EE21D7D28}.Release|Any CPU.Build.0 = Release|Any CPU
		{705EC819-1E18-4207-9B66-85195DA1DF28}.Debug|Any CPU.ActiveCfg = Debug|Any CPU
		{705EC819-1E18-4207-9B66-85195DA1DF28}.Debug|Any CPU.Build.0 = Debug|Any CPU
		{705EC819-1E18-4207-9B66-85195DA1DF28}.Release|Any CPU.ActiveCfg = Release|Any CPU
		{705EC819-1E18-4207-9B66-85195DA1DF28}.Release|Any CPU.Build.0 = Release|Any CPU
	EndGlobalSection
	GlobalSection(SolutionProperties) = preSolution
		HideSolutionNode = FALSE
	EndGlobalSection
	GlobalSection(ExtensibilityGlobals) = postSolution
		SolutionGuid = {B521E968-6C1A-4841-B610-105C7A748EA3}
	EndGlobalSection
EndGlobal
